Microsoft Visual Studio Solution File, Format Version 11.00
# Visual Studio 2008

Project("{7F666930-BFE7-FB7B-C198-C39AD0137413}") = "Ogetarts", "Assembly-CSharp.csproj", "{A43AB768-8C96-50DA-1BEF-83A55521214A}"
EndProject
Global
	GlobalSection(SolutionConfigurationPlatforms) = preSolution
		Debug|Any CPU = Debug|Any CPU
		Release|Any CPU = Release|Any CPU
	EndGlobalSection
	GlobalSection(ProjectConfigurationPlatforms) = postSolution
		{A43AB768-8C96-50DA-1BEF-83A55521214A}.Debug|Any CPU.ActiveCfg = Debug|Any CPU
		{A43AB768-8C96-50DA-1BEF-83A55521214A}.Debug|Any CPU.Build.0 = Debug|Any CPU
		{A43AB768-8C96-50DA-1BEF-83A55521214A}.Release|Any CPU.ActiveCfg = Release|Any CPU
		{A43AB768-8C96-50DA-1BEF-83A55521214A}.Release|Any CPU.Build.0 = Release|Any CPU
	EndGlobalSection
	GlobalSection(SolutionProperties) = preSolution
		HideSolutionNode = FALSE
	EndGlobalSection
													GlobalSection(MonoDevelopProperties) = preSolution
		StartupItem = Assembly-CSharp.csproj
		Policies = $0
		$0.TextStylePolicy = $1
		$1.inheritsSet = null
		$1.scope = text/x-csharp
		$0.CSharpFormattingPolicy = $2
		$2.inheritsSet = Mono
		$2.inheritsScope = text/x-csharp
		$2.scope = text/x-csharp
		$0.TextStylePolicy = $3
		$3.FileWidth = 120
		$3.TabWidth = 4
		$3.IndentWidth = 4
		$3.EolMarker = Unix
		$3.inheritsSet = Mono
		$3.inheritsScope = text/plain
		$3.scope = text/plain
	EndGlobalSection

EndGlobal
